# This file is automatically @generated by Cargo.
# It is not intended for manual editing.
version = 3

[[package]]
name = "cian"
version = "0.1.0"
dependencies = [
 "cian-core",
 "cian-lua",
 "cian-pty",
 "cian-tui",
]

[[package]]
name = "cian-core"
version = "0.1.0"

[[package]]
name = "cian-lua"
version = "0.1.0"

[[package]]
name = "cian-pty"
version = "0.1.0"

[[package]]
name = "cian-tui"
version = "0.1.0"
dependencies = [
 "cian-core",
]
